
Microsoft Visual Studio Solution File, Format Version 12.00
# Visual Studio 15
VisualStudioVersion = 15.0.27428.2011
MinimumVisualStudioVersion = 10.0.40219.1
Project("{FAE04EC0-301F-11D3-BF4B-00C04F79EFBC}") = "Algorithms", "Algorithms\Algorithms.csproj", "{53391533-EDA5-4E78-AFC6-23041376827E}"
EndProject
Project("{FAE04EC0-301F-11D3-BF4B-00C04F79EFBC}") = "AlgorithmsTest", "AlgorithmsTest\AlgorithmsTest.csproj", "{D6CAC198-B130-4407-BCC1-54204C3B49EF}"
EndProject
Global
	GlobalSection(SolutionConfigurationPlatforms) = preSolution
		Debug|Any CPU = Debug|Any CPU
		Release|Any CPU = Release|Any CPU
	EndGlobalSection
	GlobalSection(ProjectConfigurationPlatforms) = postSolution
		{53391533-EDA5-4E78-AFC6-23041376827E}.Debug|Any CPU.ActiveCfg = Debug|Any CPU
		{53391533-EDA5-4E78-AFC6-23041376827E}.Debug|Any CPU.Build.0 = Debug|Any CPU
		{53391533-EDA5-4E78-AFC6-23041376827E}.Release|Any CPU.ActiveCfg = Release|Any CPU
		{53391533-EDA5-4E78-AFC6-23041376827E}.Release|Any CPU.Build.0 = Release|Any CPU
		{D6CAC198-B130-4407-BCC1-54204C3B49EF}.Debug|Any CPU.ActiveCfg = Debug|Any CPU
		{D6CAC198-B130-4407-BCC1-54204C3B49EF}.Debug|Any CPU.Build.0 = Debug|Any CPU
		{D6CAC198-B130-4407-BCC1-54204C3B49EF}.Release|Any CPU.ActiveCfg = Release|Any CPU
		{D6CAC198-B130-4407-BCC1-54204C3B49EF}.Release|Any CPU.Build.0 = Release|Any CPU
	EndGlobalSection
	GlobalSection(SolutionProperties) = preSolution
		HideSolutionNode = FALSE
	EndGlobalSection
	GlobalSection(ExtensibilityGlobals) = postSolution
		SolutionGuid = {F2A382A4-FAEB-4649-B5DD-B2FD53B4EE3C}
	EndGlobalSection
EndGlobal
